<?xml version="1.0" encoding="utf-8"?>
<Project ToolsVersion="4.0" xmlns="http://schemas.microsoft.com/developer/msbuild/2003">
  <ItemGroup>
    <FxCompile Include="Resources\shader\OBJPixelShader.hlsl" />
    <FxCompile Include="Resources\shader\OBJVertexShader.hlsl" />
    <FxCompile Include="Resources\shader\ParticleGS.hlsl" />
    <FxCompile Include="Resources\shader\ParticlePS.hlsl" />
    <FxCompile Include="Resources\shader\ParticleVS.hlsl" />
    <FxCompile Include="Resources\shader\SpritePixelShader.hlsl" />
    <FxCompile Include="Resources\shader\SpriteVertexShader.hlsl" />
  </ItemGroup>
  <ItemGroup>
    <ClCompile Include="2d\Sprite.cpp" />
    <ClCompile Include="3d\LightGroup.cpp" />
    <ClCompile Include="3d\Material.cpp" />
    <ClCompile Include="3d\Mesh.cpp" />
    <ClCompile Include="3d\Model.cpp" />
    <ClCompile Include="3d\Object3d.cpp" />
    <ClCompile Include="3d\ParticleManager.cpp" />
    <ClCompile Include="audio\Audio.cpp" />
    <ClCompile Include="scene\TestScene.cpp" />
    <ClCompile Include="player\Player.cpp" />
    <ClCompile Include="target\BaseTarget.cpp" />
    <ClCompile Include="camera\FreeCamera.cpp" />
    <ClCompile Include="scene\BaseScene.cpp" />
    <ClCompile Include="camera\Camera.cpp" />
    <ClCompile Include="camera\DebugCamera.cpp" />
    <ClCompile Include="2d\Text.cpp" />
    <ClCompile Include="base\DirectXCommon.cpp" />
    <ClCompile Include="dynamics\Collision.cpp" />
    <ClCompile Include="dynamics\CollisionPrimitive.cpp" />
    <ClCompile Include="scene\EndScene.cpp" />
    <ClCompile Include="base\FlameRate.cpp" />
    <ClCompile Include="scene\GameScene.cpp" />
    <ClCompile Include="input\Input.cpp" />
    <ClCompile Include="main.cpp" />
    <ClCompile Include="base\WinApp.cpp" />
    <ClCompile Include="scene\SelectScene.cpp" />
    <ClCompile Include="scene\TitleScene.cpp" />
    <ClCompile Include="base\Vector2.cpp" />
    <ClCompile Include="base\Vector3.cpp" />
    <ClCompile Include="ui\Score.cpp" />
    <ClCompile Include="ui\Ui.cpp" />
    <ClCompile Include="xinput\XinputControll.cpp" />
    <ClCompile Include="ui\Stopwatch.cpp" />
    <ClCompile Include="wave\BaseWave.cpp" />
    <ClCompile Include="wave\TestWave.cpp" />
    <ClCompile Include="wave\FlickWave.cpp" />
    <ClCompile Include="wave\EasyWave.cpp" />
    <ClCompile Include="wave\FollowWave.cpp" />
    <ClCompile Include="target\MoveTarget.cpp" />
    <ClCompile Include="2d\SpriteData.cpp" />
    <ClCompile Include="base\JsonFileManager.cpp" />
    <ClCompile Include="manager\SceneManager.cpp" />
    <ClCompile Include="scene\OptionGS.cpp" />
    <ClCompile Include="transition\BaseTransition.cpp" />
    <ClCompile Include="transition\BlackOut.cpp" />
    <ClCompile Include="ui\ResultUi.cpp" />
    <ClCompile Include="manager\ModelManager.cpp" />
    <ClCompile Include="camera\OrbitCamera.cpp" />
    <ClCompile Include="manager\WaveManager.cpp" />
  </ItemGroup>
  <ItemGroup>
    <ClInclude Include="2d\Sprite.h" />
    <ClInclude Include="3d\DirectionalLight.h" />
    <ClInclude Include="3d\LightGroup.h" />
    <ClInclude Include="3d\Material.h" />
    <ClInclude Include="3d\Mesh.h" />
    <ClInclude Include="3d\Model.h" />
    <ClInclude Include="3d\Object3d.h" />
    <ClInclude Include="3d\ParticleManager.h" />
    <ClInclude Include="audio\Audio.h" />
    <ClInclude Include="scene\TestScene.h" />
    <ClInclude Include="player\Player.h" />
    <ClInclude Include="target\BaseTarget.h" />
    <ClInclude Include="base\SafeDelete.h" />
    <ClInclude Include="camera\FreeCamera.h" />
    <ClInclude Include="scene\BaseScene.h" />
    <ClInclude Include="camera\Camera.h" />
    <ClInclude Include="camera\DebugCamera.h" />
    <ClInclude Include="2d\Text.h" />
    <ClInclude Include="base\DirectXCommon.h" />
    <ClInclude Include="base\Define.h" />
    <ClInclude Include="dynamics\Collision.h" />
    <ClInclude Include="dynamics\CollisionPrimitive.h" />
    <ClInclude Include="scene\EndScene.h" />
    <ClInclude Include="base\FlameRate.h" />
    <ClInclude Include="scene\GameScene.h" />
    <ClInclude Include="input\Input.h" />
    <ClInclude Include="base\WinApp.h" />
    <ClInclude Include="scene\SelectScene.h" />
    <ClInclude Include="scene\TitleScene.h" />
    <ClInclude Include="base\Vector2.h" />
    <ClInclude Include="base\Vector3.h" />
    <ClInclude Include="ui\Score.h" />
    <ClInclude Include="ui\Ui.h" />
    <ClInclude Include="xinput\XinputControll.h" />
    <ClInclude Include="ui\Stopwatch.h" />
    <ClInclude Include="wave\BaseWave.h" />
    <ClInclude Include="wave\TestWave.h" />
    <ClInclude Include="wave\FlickWave.h" />
    <ClInclude Include="wave\EasyWave.h" />
    <ClInclude Include="wave\FollowWave.h" />
    <ClInclude Include="target\MoveTarget.h" />
    <ClInclude Include="2d\SpriteData.h" />
    <ClInclude Include="manager\SceneManager.h" />
    <ClInclude Include="scene\OptionGS.h" />
    <ClInclude Include="transition\BaseTransition.h" />
    <ClInclude Include="transition\BlackOut.h" />
    <ClInclude Include="ui\ResultUi.h" />
    <ClInclude Include="manager\ModelManager.h" />
    <ClInclude Include="base\JsonFileManager.h" />
    <ClInclude Include="base\picojson.h" />
    <ClInclude Include="camera\OrbitCamera.h" />
    <ClInclude Include="manager\WaveManager.h" />
  </ItemGroup>
  <ItemGroup>
    <None Include="Resources\shader\OBJShaderHeader.hlsli" />
    <None Include="Resources\shader\SpriteShaderHeader.hlsli" />
    <None Include="Resources\shader\Particle.hlsli" />
  </ItemGroup>
</Project>